
Microsoft Visual Studio Solution File, Format Version 12.00
# Visual Studio Version 16
VisualStudioVersion = 16.0.30523.141
MinimumVisualStudioVersion = 15.0.26124.0
Project("{9A19103F-16F7-4668-BE54-9A1E7A4F7556}") = "Aut3", "Spirala.web\Aut3.csproj", "{07735CD1-5EA7-4CFA-BCB6-A0F9E9199E80}"
EndProject
Global
	GlobalSection(SolutionConfigurationPlatforms) = preSolution
		Debug|Any CPU = Debug|Any CPU
		Release|Any CPU = Release|Any CPU
	EndGlobalSection
	GlobalSection(ProjectConfigurationPlatforms) = postSolution
		{07735CD1-5EA7-4CFA-BCB6-A0F9E9199E80}.Debug|Any CPU.ActiveCfg = Debug|Any CPU
		{07735CD1-5EA7-4CFA-BCB6-A0F9E9199E80}.Debug|Any CPU.Build.0 = Debug|Any CPU
		{07735CD1-5EA7-4CFA-BCB6-A0F9E9199E80}.Release|Any CPU.ActiveCfg = Release|Any CPU
		{07735CD1-5EA7-4CFA-BCB6-A0F9E9199E80}.Release|Any CPU.Build.0 = Release|Any CPU
	EndGlobalSection
	GlobalSection(SolutionProperties) = preSolution
		HideSolutionNode = FALSE
	EndGlobalSection
	GlobalSection(ExtensibilityGlobals) = postSolution
		SolutionGuid = {8A28F233-1C89-459B-8A46-F079A4A7B103}
	EndGlobalSection
EndGlobal
